// !$*UTF8*$!
{
	archiveVersion = 1;
	classes = {
	};
	objectVersion = 50;
	objects = {

/* Begin PBXBuildFile section */
		E03A678626B4DB18006B8C77 /* AppDelegate.swift in Sources */ = {isa = PBXBuildFile; fileRef = E03A678526B4DB18006B8C77 /* AppDelegate.swift */; };
		E03A678826B4DB18006B8C77 /* SceneDelegate.swift in Sources */ = {isa = PBXBuildFile; fileRef = E03A678726B4DB18006B8C77 /* SceneDelegate.swift */; };
		E03A678A26B4DB18006B8C77 /* ViewController.swift in Sources */ = {isa = PBXBuildFile; fileRef = E03A678926B4DB18006B8C77 /* ViewController.swift */; };
		E03A678D26B4DB18006B8C77 /* Main.storyboard in Resources */ = {isa = PBXBuildFile; fileRef = E03A678B26B4DB18006B8C77 /* Main.storyboard */; };
		E03A678F26B4DB19006B8C77 /* Assets.xcassets in Resources */ = {isa = PBXBuildFile; fileRef = E03A678E26B4DB19006B8C77 /* Assets.xcassets */; };
		E03A679226B4DB19006B8C77 /* LaunchScreen.storyboard in Resources */ = {isa = PBXBuildFile; fileRef = E03A679026B4DB19006B8C77 /* LaunchScreen.storyboard */; };
		E03A679D26B4DB19006B8C77 /* CalculadoraTests.swift in Sources */ = {isa = PBXBuildFile; fileRef = E03A679C26B4DB19006B8C77 /* CalculadoraTests.swift */; };
		E03A67A826B4DB19006B8C77 /* CalculadoraUITests.swift in Sources */ = {isa = PBXBuildFile; fileRef = E03A67A726B4DB19006B8C77 /* CalculadoraUITests.swift */; };
/* End PBXBuildFile section */

/* Begin PBXContainerItemProxy section */
		E03A679926B4DB19006B8C77 /* PBXContainerItemProxy */ = {
			isa = PBXContainerItemProxy;
			containerPortal = E03A677A26B4DB18006B8C77 /* Project object */;
			proxyType = 1;
			remoteGlobalIDString = E03A678126B4DB18006B8C77;
			remoteInfo = Calculadora;
		};
		E03A67A426B4DB19006B8C77 /* PBXContainerItemProxy */ = {
			isa = PBXContainerItemProxy;
			containerPortal = E03A677A26B4DB18006B8C77 /* Project object */;
			proxyType = 1;
			remoteGlobalIDString = E03A678126B4DB18006B8C77;
			remoteInfo = Calculadora;
		};
/* End PBXContainerItemProxy section */

/* Begin PBXFileReference section */
		E03A678226B4DB18006B8C77 /* Calculadora.app */ = {isa = PBXFileReference; explicitFileType = wrapper.application; includeInIndex = 0; path = Calculadora.app; sourceTree = BUILT_PRODUCTS_DIR; };
		E03A678526B4DB18006B8C77 /* AppDelegate.swift */ = {isa = PBXFileReference; lastKnownFileType = sourcecode.swift; path = AppDelegate.swift; sourceTree = "<group>"; };
		E03A678726B4DB18006B8C77 /* SceneDelegate.swift */ = {isa = PBXFileReference; lastKnownFileType = sourcecode.swift; path = SceneDelegate.swift; sourceTree = "<group>"; };
		E03A678926B4DB18006B8C77 /* ViewController.swift */ = {isa = PBXFileReference; lastKnownFileType = sourcecode.swift; path = ViewController.swift; sourceTree = "<group>"; };
		E03A678C26B4DB18006B8C77 /* Base */ = {isa = PBXFileReference; lastKnownFileType = file.storyboard; name = Base; path = Base.lproj/Main.storyboard; sourceTree = "<group>"; };
		E03A678E26B4DB19006B8C77 /* Assets.xcassets */ = {isa = PBXFileReference; lastKnownFileType = folder.assetcatalog; path = Assets.xcassets; sourceTree = "<group>"; };
		E03A679126B4DB19006B8C77 /* Base */ = {isa = PBXFileReference; lastKnownFileType = file.storyboard; name = Base; path = Base.lproj/LaunchScreen.storyboard; sourceTree = "<group>"; };
		E03A679326B4DB19006B8C77 /* Info.plist */ = {isa = PBXFileReference; lastKnownFileType = text.plist.xml; path = Info.plist; sourceTree = "<group>"; };
		E03A679826B4DB19006B8C77 /* CalculadoraTests.xctest */ = {isa = PBXFileReference; explicitFileType = wrapper.cfbundle; includeInIndex = 0; path = CalculadoraTests.xctest; sourceTree = BUILT_PRODUCTS_DIR; };
		E03A679C26B4DB19006B8C77 /* CalculadoraTests.swift */ = {isa = PBXFileReference; lastKnownFileType = sourcecode.swift; path = CalculadoraTests.swift; sourceTree = "<group>"; };
		E03A679E26B4DB19006B8C77 /* Info.plist */ = {isa = PBXFileReference; lastKnownFileType = text.plist.xml; path = Info.plist; sourceTree = "<group>"; };
		E03A67A326B4DB19006B8C77 /* CalculadoraUITests.xctest */ = {isa = PBXFileReference; explicitFileType = wrapper.cfbundle; includeInIndex = 0; path = CalculadoraUITests.xctest; sourceTree = BUILT_PRODUCTS_DIR; };
		E03A67A726B4DB19006B8C77 /* CalculadoraUITests.swift */ = {isa = PBXFileReference; lastKnownFileType = sourcecode.swift; path = CalculadoraUITests.swift; sourceTree = "<group>"; };
		E03A67A926B4DB19006B8C77 /* Info.plist */ = {isa = PBXFileReference; lastKnownFileType = text.plist.xml; path = Info.plist; sourceTree = "<group>"; };
/* End PBXFileReference section */

/* Begin PBXFrameworksBuildPhase section */
		E03A677F26B4DB18006B8C77 /* Frameworks */ = {
			isa = PBXFrameworksBuildPhase;
			buildActionMask = 2147483647;
			files = (
			);
			runOnlyForDeploymentPostprocessing = 0;
		};
		E03A679526B4DB19006B8C77 /* Frameworks */ = {
			isa = PBXFrameworksBuildPhase;
			buildActionMask = 2147483647;
			files = (
			);
			runOnlyForDeploymentPostprocessing = 0;
		};
		E03A67A026B4DB19006B8C77 /* Frameworks */ = {
			isa = PBXFrameworksBuildPhase;
			buildActionMask = 2147483647;
			files = (
			);
			runOnlyForDeploymentPostprocessing = 0;
		};
/* End PBXFrameworksBuildPhase section */

/* Begin PBXGroup section */
		E03A677926B4DB18006B8C77 = {
			isa = PBXGroup;
			children = (
				E03A678426B4DB18006B8C77 /* Calculadora */,
				E03A679B26B4DB19006B8C77 /* CalculadoraTests */,
				E03A67A626B4DB19006B8C77 /* CalculadoraUITests */,
				E03A678326B4DB18006B8C77 /* Products */,
			);
			sourceTree = "<group>";
		};
		E03A678326B4DB18006B8C77 /* Products */ = {
			isa = PBXGroup;
			children = (
				E03A678226B4DB18006B8C77 /* Calculadora.app */,
				E03A679826B4DB19006B8C77 /* CalculadoraTests.xctest */,
				E03A67A326B4DB19006B8C77 /* CalculadoraUITests.xctest */,
			);
			name = Products;
			sourceTree = "<group>";
		};
		E03A678426B4DB18006B8C77 /* Calculadora */ = {
			isa = PBXGroup;
			children = (
				E03A678526B4DB18006B8C77 /* AppDelegate.swift */,
				E03A678726B4DB18006B8C77 /* SceneDelegate.swift */,
				E03A678926B4DB18006B8C77 /* ViewController.swift */,
				E03A678B26B4DB18006B8C77 /* Main.storyboard */,
				E03A678E26B4DB19006B8C77 /* Assets.xcassets */,
				E03A679026B4DB19006B8C77 /* LaunchScreen.storyboard */,
				E03A679326B4DB19006B8C77 /* Info.plist */,
			);
			path = Calculadora;
			sourceTree = "<group>";
		};
		E03A679B26B4DB19006B8C77 /* CalculadoraTests */ = {
			isa = PBXGroup;
			children = (
				E03A679C26B4DB19006B8C77 /* CalculadoraTests.swift */,
				E03A679E26B4DB19006B8C77 /* Info.plist */,
			);
			path = CalculadoraTests;
			sourceTree = "<group>";
		};
		E03A67A626B4DB19006B8C77 /* CalculadoraUITests */ = {
			isa = PBXGroup;
			children = (
				E03A67A726B4DB19006B8C77 /* CalculadoraUITests.swift */,
				E03A67A926B4DB19006B8C77 /* Info.plist */,
			);
			path = CalculadoraUITests;
			sourceTree = "<group>";
		};
/* End PBXGroup section */

/* Begin PBXNativeTarget section */
		E03A678126B4DB18006B8C77 /* Calculadora */ = {
			isa = PBXNativeTarget;
			buildConfigurationList = E03A67AC26B4DB19006B8C77 /* Build configuration list for PBXNativeTarget "Calculadora" */;
			buildPhases = (
				E03A677E26B4DB18006B8C77 /* Sources */,
				E03A677F26B4DB18006B8C77 /* Frameworks */,
				E03A678026B4DB18006B8C77 /* Resources */,
			);
			buildRules = (
			);
			dependencies = (
			);
			name = Calculadora;
			productName = Calculadora;
			productReference = E03A678226B4DB18006B8C77 /* Calculadora.app */;
			productType = "com.apple.product-type.application";
		};
		E03A679726B4DB19006B8C77 /* CalculadoraTests */ = {
			isa = PBXNativeTarget;
			buildConfigurationList = E03A67AF26B4DB19006B8C77 /* Build configuration list for PBXNativeTarget "CalculadoraTests" */;
			buildPhases = (
				E03A679426B4DB19006B8C77 /* Sources */,
				E03A679526B4DB19006B8C77 /* Frameworks */,
				E03A679626B4DB19006B8C77 /* Resources */,
			);
			buildRules = (
			);
			dependencies = (
				E03A679A26B4DB19006B8C77 /* PBXTargetDependency */,
			);
			name = CalculadoraTests;
			productName = CalculadoraTests;
			productReference = E03A679826B4DB19006B8C77 /* CalculadoraTests.xctest */;
			productType = "com.apple.product-type.bundle.unit-test";
		};
		E03A67A226B4DB19006B8C77 /* CalculadoraUITests */ = {
			isa = PBXNativeTarget;
			buildConfigurationList = E03A67B226B4DB19006B8C77 /* Build configuration list for PBXNativeTarget "CalculadoraUITests" */;
			buildPhases = (
				E03A679F26B4DB19006B8C77 /* Sources */,
				E03A67A026B4DB19006B8C77 /* Frameworks */,
				E03A67A126B4DB19006B8C77 /* Resources */,
			);
			buildRules = (
			);
			dependencies = (
				E03A67A526B4DB19006B8C77 /* PBXTargetDependency */,
			);
			name = CalculadoraUITests;
			productName = CalculadoraUITests;
			productReference = E03A67A326B4DB19006B8C77 /* CalculadoraUITests.xctest */;
			productType = "com.apple.product-type.bundle.ui-testing";
		};
/* End PBXNativeTarget section */

/* Begin PBXProject section */
		E03A677A26B4DB18006B8C77 /* Project object */ = {
			isa = PBXProject;
			attributes = {
				LastSwiftUpdateCheck = 1250;
				LastUpgradeCheck = 1250;
				TargetAttributes = {
					E03A678126B4DB18006B8C77 = {
						CreatedOnToolsVersion = 12.5.1;
					};
					E03A679726B4DB19006B8C77 = {
						CreatedOnToolsVersion = 12.5.1;
						TestTargetID = E03A678126B4DB18006B8C77;
					};
					E03A67A226B4DB19006B8C77 = {
						CreatedOnToolsVersion = 12.5.1;
						TestTargetID = E03A678126B4DB18006B8C77;
					};
				};
			};
			buildConfigurationList = E03A677D26B4DB18006B8C77 /* Build configuration list for PBXProject "Calculadora" */;
			compatibilityVersion = "Xcode 9.3";
			developmentRegion = en;
			hasScannedForEncodings = 0;
			knownRegions = (
				en,
				Base,
			);
			mainGroup = E03A677926B4DB18006B8C77;
			productRefGroup = E03A678326B4DB18006B8C77 /* Products */;
			projectDirPath = "";
			projectRoot = "";
			targets = (
				E03A678126B4DB18006B8C77 /* Calculadora */,
				E03A679726B4DB19006B8C77 /* CalculadoraTests */,
				E03A67A226B4DB19006B8C77 /* CalculadoraUITests */,
			);
		};
/* End PBXProject section */

/* Begin PBXResourcesBuildPhase section */
		E03A678026B4DB18006B8C77 /* Resources */ = {
			isa = PBXResourcesBuildPhase;
			buildActionMask = 2147483647;
			files = (
				E03A679226B4DB19006B8C77 /* LaunchScreen.storyboard in Resources */,
				E03A678F26B4DB19006B8C77 /* Assets.xcassets in Resources */,
				E03A678D26B4DB18006B8C77 /* Main.storyboard in Resources */,
			);
			runOnlyForDeploymentPostprocessing = 0;
		};
		E03A679626B4DB19006B8C77 /* Resources */ = {
			isa = PBXResourcesBuildPhase;
			buildActionMask = 2147483647;
			files = (
			);
			runOnlyForDeploymentPostprocessing = 0;
		};
		E03A67A126B4DB19006B8C77 /* Resources */ = {
			isa = PBXResourcesBuildPhase;
			buildActionMask = 2147483647;
			files = (
			);
			runOnlyForDeploymentPostprocessing = 0;
		};
/* End PBXResourcesBuildPhase section */

/* Begin PBXSourcesBuildPhase section */
		E03A677E26B4DB18006B8C77 /* Sources */ = {
			isa = PBXSourcesBuildPhase;
			buildActionMask = 2147483647;
			files = (
				E03A678A26B4DB18006B8C77 /* ViewController.swift in Sources */,
				E03A678626B4DB18006B8C77 /* AppDelegate.swift in Sources */,
				E03A678826B4DB18006B8C77 /* SceneDelegate.swift in Sources */,
			);
			runOnlyForDeploymentPostprocessing = 0;
		};
		E03A679426B4DB19006B8C77 /* Sources */ = {
			isa = PBXSourcesBuildPhase;
			buildActionMask = 2147483647;
			files = (
				E03A679D26B4DB19006B8C77 /* CalculadoraTests.swift in Sources */,
			);
			runOnlyForDeploymentPostprocessing = 0;
		};
		E03A679F26B4DB19006B8C77 /* Sources */ = {
			isa = PBXSourcesBuildPhase;
			buildActionMask = 2147483647;
			files = (
				E03A67A826B4DB19006B8C77 /* CalculadoraUITests.swift in Sources */,
			);
			runOnlyForDeploymentPostprocessing = 0;
		};
/* End PBXSourcesBuildPhase section */

/* Begin PBXTargetDependency section */
		E03A679A26B4DB19006B8C77 /* PBXTargetDependency */ = {
			isa = PBXTargetDependency;
			target = E03A678126B4DB18006B8C77 /* Calculadora */;
			targetProxy = E03A679926B4DB19006B8C77 /* PBXContainerItemProxy */;
		};
		E03A67A526B4DB19006B8C77 /* PBXTargetDependency */ = {
			isa = PBXTargetDependency;
			target = E03A678126B4DB18006B8C77 /* Calculadora */;
			targetProxy = E03A67A426B4DB19006B8C77 /* PBXContainerItemProxy */;
		};
/* End PBXTargetDependency section */

/* Begin PBXVariantGroup section */
		E03A678B26B4DB18006B8C77 /* Main.storyboard */ = {
			isa = PBXVariantGroup;
			children = (
				E03A678C26B4DB18006B8C77 /* Base */,
			);
			name = Main.storyboard;
			sourceTree = "<group>";
		};
		E03A679026B4DB19006B8C77 /* LaunchScreen.storyboard */ = {
			isa = PBXVariantGroup;
			children = (
				E03A679126B4DB19006B8C77 /* Base */,
			);
			name = LaunchScreen.storyboard;
			sourceTree = "<group>";
		};
/* End PBXVariantGroup section */

/* Begin XCBuildConfiguration section */
		E03A67AA26B4DB19006B8C77 /* Debug */ = {
			isa = XCBuildConfiguration;
			buildSettings = {
				ALWAYS_SEARCH_USER_PATHS = NO;
				CLANG_ANALYZER_NONNULL = YES;
				CLANG_ANALYZER_NUMBER_OBJECT_CONVERSION = YES_AGGRESSIVE;
				CLANG_CXX_LANGUAGE_STANDARD = "gnu++14";
				CLANG_CXX_LIBRARY = "libc++";
				CLANG_ENABLE_MODULES = YES;
				CLANG_ENABLE_OBJC_ARC = YES;
				CLANG_ENABLE_OBJC_WEAK = YES;
				CLANG_WARN_BLOCK_CAPTURE_AUTORELEASING = YES;
				CLANG_WARN_BOOL_CONVERSION = YES;
				CLANG_WARN_COMMA = YES;
				CLANG_WARN_CONSTANT_CONVERSION = YES;
				CLANG_WARN_DEPRECATED_OBJC_IMPLEMENTATIONS = YES;
				CLANG_WARN_DIRECT_OBJC_ISA_USAGE = YES_ERROR;
				CLANG_WARN_DOCUMENTATION_COMMENTS = YES;
				CLANG_WARN_EMPTY_BODY = YES;
				CLANG_WARN_ENUM_CONVERSION = YES;
				CLANG_WARN_INFINITE_RECURSION = YES;
				CLANG_WARN_INT_CONVERSION = YES;
				CLANG_WARN_NON_LITERAL_NULL_CONVERSION = YES;
				CLANG_WARN_OBJC_IMPLICIT_RETAIN_SELF = YES;
				CLANG_WARN_OBJC_LITERAL_CONVERSION = YES;
				CLANG_WARN_OBJC_ROOT_CLASS = YES_ERROR;
				CLANG_WARN_QUOTED_INCLUDE_IN_FRAMEWORK_HEADER = YES;
				CLANG_WARN_RANGE_LOOP_ANALYSIS = YES;
				CLANG_WARN_STRICT_PROTOTYPES = YES;
				CLANG_WARN_SUSPICIOUS_MOVE = YES;
				CLANG_WARN_UNGUARDED_AVAILABILITY = YES_AGGRESSIVE;
				CLANG_WARN_UNREACHABLE_CODE = YES;
				CLANG_WARN__DUPLICATE_METHOD_MATCH = YES;
				COPY_PHASE_STRIP = NO;
				DEBUG_INFORMATION_FORMAT = dwarf;
				ENABLE_STRICT_OBJC_MSGSEND = YES;
				ENABLE_TESTABILITY = YES;
				GCC_C_LANGUAGE_STANDARD = gnu11;
				GCC_DYNAMIC_NO_PIC = NO;
				GCC_NO_COMMON_BLOCKS = YES;
				GCC_OPTIMIZATION_LEVEL = 0;
				GCC_PREPROCESSOR_DEFINITIONS = (
					"DEBUG=1",
					"$(inherited)",
				);
				GCC_WARN_64_TO_32_BIT_CONVERSION = YES;
				GCC_WARN_ABOUT_RETURN_TYPE = YES_ERROR;
				GCC_WARN_UNDECLARED_SELECTOR = YES;
				GCC_WARN_UNINITIALIZED_AUTOS = YES_AGGRESSIVE;
				GCC_WARN_UNUSED_FUNCTION = YES;
				GCC_WARN_UNUSED_VARIABLE = YES;
				IPHONEOS_DEPLOYMENT_TARGET = 14.5;
				MTL_ENABLE_DEBUG_INFO = INCLUDE_SOURCE;
				MTL_FAST_MATH = YES;
				ONLY_ACTIVE_ARCH = YES;
				SDKROOT = iphoneos;
				SWIFT_ACTIVE_COMPILATION_CONDITIONS = DEBUG;
				SWIFT_OPTIMIZATION_LEVEL = "-Onone";
			};
			name = Debug;
		};
		E03A67AB26B4DB19006B8C77 /* Release */ = {
			isa = XCBuildConfiguration;
			buildSettings = {
				ALWAYS_SEARCH_USER_PATHS = NO;
				CLANG_ANALYZER_NONNULL = YES;
				CLANG_ANALYZER_NUMBER_OBJECT_CONVERSION = YES_AGGRESSIVE;
				CLANG_CXX_LANGUAGE_STANDARD = "gnu++14";
				CLANG_CXX_LIBRARY = "libc++";
				CLANG_ENABLE_MODULES = YES;
				CLANG_ENABLE_OBJC_ARC = YES;
				CLANG_ENABLE_OBJC_WEAK = YES;
				CLANG_WARN_BLOCK_CAPTURE_AUTORELEASING = YES;
				CLANG_WARN_BOOL_CONVERSION = YES;
				CLANG_WARN_COMMA = YES;
				CLANG_WARN_CONSTANT_CONVERSION = YES;
				CLANG_WARN_DEPRECATED_OBJC_IMPLEMENTATIONS = YES;
				CLANG_WARN_DIRECT_OBJC_ISA_USAGE = YES_ERROR;
				CLANG_WARN_DOCUMENTATION_COMMENTS = YES;
				CLANG_WARN_EMPTY_BODY = YES;
				CLANG_WARN_ENUM_CONVERSION = YES;
				CLANG_WARN_INFINITE_RECURSION = YES;
				CLANG_WARN_INT_CONVERSION = YES;
				CLANG_WARN_NON_LITERAL_NULL_CONVERSION = YES;
				CLANG_WARN_OBJC_IMPLICIT_RETAIN_SELF = YES;
				CLANG_WARN_OBJC_LITERAL_CONVERSION = YES;
				CLANG_WARN_OBJC_ROOT_CLASS = YES_ERROR;
				CLANG_WARN_QUOTED_INCLUDE_IN_FRAMEWORK_HEADER = YES;
				CLANG_WARN_RANGE_LOOP_ANALYSIS = YES;
				CLANG_WARN_STRICT_PROTOTYPES = YES;
				CLANG_WARN_SUSPICIOUS_MOVE = YES;
				CLANG_WARN_UNGUARDED_AVAILABILITY = YES_AGGRESSIVE;
				CLANG_WARN_UNREACHABLE_CODE = YES;
				CLANG_WARN__DUPLICATE_METHOD_MATCH = YES;
				COPY_PHASE_STRIP = NO;
				DEBUG_INFORMATION_FORMAT = "dwarf-with-dsym";
				ENABLE_NS_ASSERTIONS = NO;
				ENABLE_STRICT_OBJC_MSGSEND = YES;
				GCC_C_LANGUAGE_STANDARD = gnu11;
				GCC_NO_COMMON_BLOCKS = YES;
				GCC_WARN_64_TO_32_BIT_CONVERSION = YES;
				GCC_WARN_ABOUT_RETURN_TYPE = YES_ERROR;
				GCC_WARN_UNDECLARED_SELECTOR = YES;
				GCC_WARN_UNINITIALIZED_AUTOS = YES_AGGRESSIVE;
				GCC_WARN_UNUSED_FUNCTION = YES;
				GCC_WARN_UNUSED_VARIABLE = YES;
				IPHONEOS_DEPLOYMENT_TARGET = 14.5;
				MTL_ENABLE_DEBUG_INFO = NO;
				MTL_FAST_MATH = YES;
				SDKROOT = iphoneos;
				SWIFT_COMPILATION_MODE = wholemodule;
				SWIFT_OPTIMIZATION_LEVEL = "-O";
				VALIDATE_PRODUCT = YES;
			};
			name = Release;
		};
		E03A67AD26B4DB19006B8C77 /* Debug */ = {
			isa = XCBuildConfiguration;
			buildSettings = {
				ASSETCATALOG_COMPILER_APPICON_NAME = AppIcon;
				ASSETCATALOG_COMPILER_GLOBAL_ACCENT_COLOR_NAME = AccentColor;
				CODE_SIGN_STYLE = Automatic;
				INFOPLIST_FILE = Calculadora/Info.plist;
				LD_RUNPATH_SEARCH_PATHS = (
					"$(inherited)",
					"@executable_path/Frameworks",
				);
				PRODUCT_BUNDLE_IDENTIFIER = DH.Calculadora;
				PRODUCT_NAME = "$(TARGET_NAME)";
				SWIFT_VERSION = 5.0;
				TARGETED_DEVICE_FAMILY = "1,2";
			};
			name = Debug;
		};
		E03A67AE26B4DB19006B8C77 /* Release */ = {
			isa = XCBuildConfiguration;
			buildSettings = {
				ASSETCATALOG_COMPILER_APPICON_NAME = AppIcon;
				ASSETCATALOG_COMPILER_GLOBAL_ACCENT_COLOR_NAME = AccentColor;
				CODE_SIGN_STYLE = Automatic;
				INFOPLIST_FILE = Calculadora/Info.plist;
				LD_RUNPATH_SEARCH_PATHS = (
					"$(inherited)",
					"@executable_path/Frameworks",
				);
				PRODUCT_BUNDLE_IDENTIFIER = DH.Calculadora;
				PRODUCT_NAME = "$(TARGET_NAME)";
				SWIFT_VERSION = 5.0;
				TARGETED_DEVICE_FAMILY = "1,2";
			};
			name = Release;
		};
		E03A67B026B4DB19006B8C77 /* Debug */ = {
			isa = XCBuildConfiguration;
			buildSettings = {
				ALWAYS_EMBED_SWIFT_STANDARD_LIBRARIES = YES;
				BUNDLE_LOADER = "$(TEST_HOST)";
				CODE_SIGN_STYLE = Automatic;
				INFOPLIST_FILE = CalculadoraTests/Info.plist;
				IPHONEOS_DEPLOYMENT_TARGET = 14.5;
				LD_RUNPATH_SEARCH_PATHS = (
					"$(inherited)",
					"@executable_path/Frameworks",
					"@loader_path/Frameworks",
				);
				PRODUCT_BUNDLE_IDENTIFIER = DH.CalculadoraTests;
				PRODUCT_NAME = "$(TARGET_NAME)";
				SWIFT_VERSION = 5.0;
				TARGETED_DEVICE_FAMILY = "1,2";
				TEST_HOST = "$(BUILT_PRODUCTS_DIR)/Calculadora.app/Calculadora";
			};
			name = Debug;
		};
		E03A67B126B4DB19006B8C77 /* Release */ = {
			isa = XCBuildConfiguration;
			buildSettings = {
				ALWAYS_EMBED_SWIFT_STANDARD_LIBRARIES = YES;
				BUNDLE_LOADER = "$(TEST_HOST)";
				CODE_SIGN_STYLE = Automatic;
				INFOPLIST_FILE = CalculadoraTests/Info.plist;
				IPHONEOS_DEPLOYMENT_TARGET = 14.5;
				LD_RUNPATH_SEARCH_PATHS = (
					"$(inherited)",
					"@executable_path/Frameworks",
					"@loader_path/Frameworks",
				);
				PRODUCT_BUNDLE_IDENTIFIER = DH.CalculadoraTests;
				PRODUCT_NAME = "$(TARGET_NAME)";
				SWIFT_VERSION = 5.0;
				TARGETED_DEVICE_FAMILY = "1,2";
				TEST_HOST = "$(BUILT_PRODUCTS_DIR)/Calculadora.app/Calculadora";
			};
			name = Release;
		};
		E03A67B326B4DB19006B8C77 /* Debug */ = {
			isa = XCBuildConfiguration;
			buildSettings = {
				ALWAYS_EMBED_SWIFT_STANDARD_LIBRARIES = YES;
				CODE_SIGN_STYLE = Automatic;
				INFOPLIST_FILE = CalculadoraUITests/Info.plist;
				LD_RUNPATH_SEARCH_PATHS = (
					"$(inherited)",
					"@executable_path/Frameworks",
					"@loader_path/Frameworks",
				);
				PRODUCT_BUNDLE_IDENTIFIER = DH.CalculadoraUITests;
				PRODUCT_NAME = "$(TARGET_NAME)";
				SWIFT_VERSION = 5.0;
				TARGETED_DEVICE_FAMILY = "1,2";
				TEST_TARGET_NAME = Calculadora;
			};
			name = Debug;
		};
		E03A67B426B4DB19006B8C77 /* Release */ = {
			isa = XCBuildConfiguration;
			buildSettings = {
				ALWAYS_EMBED_SWIFT_STANDARD_LIBRARIES = YES;
				CODE_SIGN_STYLE = Automatic;
				INFOPLIST_FILE = CalculadoraUITests/Info.plist;
				LD_RUNPATH_SEARCH_PATHS = (
					"$(inherited)",
					"@executable_path/Frameworks",
					"@loader_path/Frameworks",
				);
				PRODUCT_BUNDLE_IDENTIFIER = DH.CalculadoraUITests;
				PRODUCT_NAME = "$(TARGET_NAME)";
				SWIFT_VERSION = 5.0;
				TARGETED_DEVICE_FAMILY = "1,2";
				TEST_TARGET_NAME = Calculadora;
			};
			name = Release;
		};
/* End XCBuildConfiguration section */

/* Begin XCConfigurationList section */
		E03A677D26B4DB18006B8C77 /* Build configuration list for PBXProject "Calculadora" */ = {
			isa = XCConfigurationList;
			buildConfigurations = (
				E03A67AA26B4DB19006B8C77 /* Debug */,
				E03A67AB26B4DB19006B8C77 /* Release */,
			);
			defaultConfigurationIsVisible = 0;
			defaultConfigurationName = Release;
		};
		E03A67AC26B4DB19006B8C77 /* Build configuration list for PBXNativeTarget "Calculadora" */ = {
			isa = XCConfigurationList;
			buildConfigurations = (
				E03A67AD26B4DB19006B8C77 /* Debug */,
				E03A67AE26B4DB19006B8C77 /* Release */,
			);
			defaultConfigurationIsVisible = 0;
			defaultConfigurationName = Release;
		};
		E03A67AF26B4DB19006B8C77 /* Build configuration list for PBXNativeTarget "CalculadoraTests" */ = {
			isa = XCConfigurationList;
			buildConfigurations = (
				E03A67B026B4DB19006B8C77 /* Debug */,
				E03A67B126B4DB19006B8C77 /* Release */,
			);
			defaultConfigurationIsVisible = 0;
			defaultConfigurationName = Release;
		};
		E03A67B226B4DB19006B8C77 /* Build configuration list for PBXNativeTarget "CalculadoraUITests" */ = {
			isa = XCConfigurationList;
			buildConfigurations = (
				E03A67B326B4DB19006B8C77 /* Debug */,
				E03A67B426B4DB19006B8C77 /* Release */,
			);
			defaultConfigurationIsVisible = 0;
			defaultConfigurationName = Release;
		};
/* End XCConfigurationList section */
	};
	rootObject = E03A677A26B4DB18006B8C77 /* Project object */;
}
